// !$*UTF8*$!
{
	archiveVersion = 1;
	classes = {
	};
	objectVersion = 48;
	objects = {

/* Begin PBXBuildFile section */
		2B0A866B1FDCFC7100B7B7FB /* AppDelegate.swift in Sources */ = {isa = PBXBuildFile; fileRef = 2B0A866A1FDCFC7100B7B7FB /* AppDelegate.swift */; };
		2B0A866D1FDCFC7100B7B7FB /* ViewController.swift in Sources */ = {isa = PBXBuildFile; fileRef = 2B0A866C1FDCFC7100B7B7FB /* ViewController.swift */; };
		2B0A86701FDCFC7200B7B7FB /* Main.storyboard in Resources */ = {isa = PBXBuildFile; fileRef = 2B0A866E1FDCFC7200B7B7FB /* Main.storyboard */; };
		2B0A86721FDCFC7200B7B7FB /* Assets.xcassets in Resources */ = {isa = PBXBuildFile; fileRef = 2B0A86711FDCFC7200B7B7FB /* Assets.xcassets */; };
		2B0A86751FDCFC7200B7B7FB /* LaunchScreen.storyboard in Resources */ = {isa = PBXBuildFile; fileRef = 2B0A86731FDCFC7200B7B7FB /* LaunchScreen.storyboard */; };
/* End PBXBuildFile section */

/* Begin PBXFileReference section */
		2B0A86671FDCFC7100B7B7FB /* BLE-RGB.app */ = {isa = PBXFileReference; explicitFileType = wrapper.application; includeInIndex = 0; path = "BLE-RGB.app"; sourceTree = BUILT_PRODUCTS_DIR; };
		2B0A866A1FDCFC7100B7B7FB /* AppDelegate.swift */ = {isa = PBXFileReference; lastKnownFileType = sourcecode.swift; path = AppDelegate.swift; sourceTree = "<group>"; };
		2B0A866C1FDCFC7100B7B7FB /* ViewController.swift */ = {isa = PBXFileReference; lastKnownFileType = sourcecode.swift; path = ViewController.swift; sourceTree = "<group>"; };
		2B0A866F1FDCFC7200B7B7FB /* Base */ = {isa = PBXFileReference; lastKnownFileType = file.storyboard; name = Base; path = Base.lproj/Main.storyboard; sourceTree = "<group>"; };
		2B0A86711FDCFC7200B7B7FB /* Assets.xcassets */ = {isa = PBXFileReference; lastKnownFileType = folder.assetcatalog; path = Assets.xcassets; sourceTree = "<group>"; };
		2B0A86741FDCFC7200B7B7FB /* Base */ = {isa = PBXFileReference; lastKnownFileType = file.storyboard; name = Base; path = Base.lproj/LaunchScreen.storyboard; sourceTree = "<group>"; };
		2B0A86761FDCFC7200B7B7FB /* Info.plist */ = {isa = PBXFileReference; lastKnownFileType = text.plist.xml; path = Info.plist; sourceTree = "<group>"; };
		2B237D1B204CEFD300FE9CE6 /* BLE-RGB-Bridging-Header.h */ = {isa = PBXFileReference; lastKnownFileType = sourcecode.c.h; path = "BLE-RGB-Bridging-Header.h"; sourceTree = "<group>"; };
		2B237D1C204CEFD300FE9CE6 /* NSObject+getColor.h */ = {isa = PBXFileReference; lastKnownFileType = sourcecode.c.h; path = "NSObject+getColor.h"; sourceTree = "<group>"; };
/* End PBXFileReference section */

/* Begin PBXFrameworksBuildPhase section */
		2B0A86641FDCFC7100B7B7FB /* Frameworks */ = {
			isa = PBXFrameworksBuildPhase;
			buildActionMask = 2147483647;
			files = (
			);
			runOnlyForDeploymentPostprocessing = 0;
		};
/* End PBXFrameworksBuildPhase section */

/* Begin PBXGroup section */
		2B0A865E1FDCFC7100B7B7FB = {
			isa = PBXGroup;
			children = (
				2B0A86691FDCFC7100B7B7FB /* BLE-RGB */,
				2B0A86681FDCFC7100B7B7FB /* Products */,
			);
			sourceTree = "<group>";
		};
		2B0A86681FDCFC7100B7B7FB /* Products */ = {
			isa = PBXGroup;
			children = (
				2B0A86671FDCFC7100B7B7FB /* BLE-RGB.app */,
			);
			name = Products;
			sourceTree = "<group>";
		};
		2B0A86691FDCFC7100B7B7FB /* BLE-RGB */ = {
			isa = PBXGroup;
			children = (
				2B0A866A1FDCFC7100B7B7FB /* AppDelegate.swift */,
				2B0A866C1FDCFC7100B7B7FB /* ViewController.swift */,
				2B0A866E1FDCFC7200B7B7FB /* Main.storyboard */,
				2B0A86711FDCFC7200B7B7FB /* Assets.xcassets */,
				2B0A86731FDCFC7200B7B7FB /* LaunchScreen.storyboard */,
				2B0A86761FDCFC7200B7B7FB /* Info.plist */,
				2B237D1C204CEFD300FE9CE6 /* NSObject+getColor.h */,
				2B237D1B204CEFD300FE9CE6 /* BLE-RGB-Bridging-Header.h */,
			);
			path = "BLE-RGB";
			sourceTree = "<group>";
		};
/* End PBXGroup section */

/* Begin PBXNativeTarget section */
		2B0A86661FDCFC7100B7B7FB /* BLE-RGB */ = {
			isa = PBXNativeTarget;
			buildConfigurationList = 2B0A86791FDCFC7200B7B7FB /* Build configuration list for PBXNativeTarget "BLE-RGB" */;
			buildPhases = (
				2B0A86631FDCFC7100B7B7FB /* Sources */,
				2B0A86641FDCFC7100B7B7FB /* Frameworks */,
				2B0A86651FDCFC7100B7B7FB /* Resources */,
			);
			buildRules = (
			);
			dependencies = (
			);
			name = "BLE-RGB";
			productName = "BLE-RGB";
			productReference = 2B0A86671FDCFC7100B7B7FB /* BLE-RGB.app */;
			productType = "com.apple.product-type.application";
		};
/* End PBXNativeTarget section */

/* Begin PBXProject section */
		2B0A865F1FDCFC7100B7B7FB /* Project object */ = {
			isa = PBXProject;
			attributes = {
				LastSwiftUpdateCheck = 0910;
				LastUpgradeCheck = 0910;
				ORGANIZATIONNAME = Yuki.Ma;
				TargetAttributes = {
					2B0A86661FDCFC7100B7B7FB = {
						CreatedOnToolsVersion = 9.1;
						LastSwiftMigration = 0910;
						ProvisioningStyle = Automatic;
					};
				};
			};
			buildConfigurationList = 2B0A86621FDCFC7100B7B7FB /* Build configuration list for PBXProject "BLE-RGB" */;
			compatibilityVersion = "Xcode 8.0";
			developmentRegion = en;
			hasScannedForEncodings = 0;
			knownRegions = (
				en,
				Base,
			);
			mainGroup = 2B0A865E1FDCFC7100B7B7FB;
			productRefGroup = 2B0A86681FDCFC7100B7B7FB /* Products */;
			projectDirPath = "";
			projectRoot = "";
			targets = (
				2B0A86661FDCFC7100B7B7FB /* BLE-RGB */,
			);
		};
/* End PBXProject section */

/* Begin PBXResourcesBuildPhase section */
		2B0A86651FDCFC7100B7B7FB /* Resources */ = {
			isa = PBXResourcesBuildPhase;
			buildActionMask = 2147483647;
			files = (
				2B0A86751FDCFC7200B7B7FB /* LaunchScreen.storyboard in Resources */,
				2B0A86721FDCFC7200B7B7FB /* Assets.xcassets in Resources */,
				2B0A86701FDCFC7200B7B7FB /* Main.storyboard in Resources */,
			);
			runOnlyForDeploymentPostprocessing = 0;
		};
/* End PBXResourcesBuildPhase section */

/* Begin PBXSourcesBuildPhase section */
		2B0A86631FDCFC7100B7B7FB /* Sources */ = {
			isa = PBXSourcesBuildPhase;
			buildActionMask = 2147483647;
			files = (
				2B0A866D1FDCFC7100B7B7FB /* ViewController.swift in Sources */,
				2B0A866B1FDCFC7100B7B7FB /* AppDelegate.swift in Sources */,
			);
			runOnlyForDeploymentPostprocessing = 0;
		};
/* End PBXSourcesBuildPhase section */

/* Begin PBXVariantGroup section */
		2B0A866E1FDCFC7200B7B7FB /* Main.storyboard */ = {
			isa = PBXVariantGroup;
			children = (
				2B0A866F1FDCFC7200B7B7FB /* Base */,
			);
			name = Main.storyboard;
			sourceTree = "<group>";
		};
		2B0A86731FDCFC7200B7B7FB /* LaunchScreen.storyboard */ = {
			isa = PBXVariantGroup;
			children = (
				2B0A86741FDCFC7200B7B7FB /* Base */,
			);
			name = LaunchScreen.storyboard;
			sourceTree = "<group>";
		};
/* End PBXVariantGroup section */

/* Begin XCBuildConfiguration section */
		2B0A86771FDCFC7200B7B7FB /* Debug */ = {
			isa = XCBuildConfiguration;
			buildSettings = {
				ALWAYS_SEARCH_USER_PATHS = NO;
				CLANG_ANALYZER_NONNULL = YES;
				CLANG_ANALYZER_NUMBER_OBJECT_CONVERSION = YES_AGGRESSIVE;
				CLANG_CXX_LANGUAGE_STANDARD = "gnu++14";
				CLANG_CXX_LIBRARY = "libc++";
				CLANG_ENABLE_MODULES = YES;
				CLANG_ENABLE_OBJC_ARC = YES;
				CLANG_WARN_BLOCK_CAPTURE_AUTORELEASING = YES;
				CLANG_WARN_BOOL_CONVERSION = YES;
				CLANG_WARN_COMMA = YES;
				CLANG_WARN_CONSTANT_CONVERSION = YES;
				CLANG_WARN_DIRECT_OBJC_ISA_USAGE = YES_ERROR;
				CLANG_WARN_DOCUMENTATION_COMMENTS = YES;
				CLANG_WARN_EMPTY_BODY = YES;
				CLANG_WARN_ENUM_CONVERSION = YES;
				CLANG_WARN_INFINITE_RECURSION = YES;
				CLANG_WARN_INT_CONVERSION = YES;
				CLANG_WARN_NON_LITERAL_NULL_CONVERSION = YES;
				CLANG_WARN_OBJC_LITERAL_CONVERSION = YES;
				CLANG_WARN_OBJC_ROOT_CLASS = YES_ERROR;
				CLANG_WARN_RANGE_LOOP_ANALYSIS = YES;
				CLANG_WARN_STRICT_PROTOTYPES = YES;
				CLANG_WARN_SUSPICIOUS_MOVE = YES;
				CLANG_WARN_UNGUARDED_AVAILABILITY = YES_AGGRESSIVE;
				CLANG_WARN_UNREACHABLE_CODE = YES;
				CLANG_WARN__DUPLICATE_METHOD_MATCH = YES;
				CODE_SIGN_IDENTITY = "iPhone Developer";
				COPY_PHASE_STRIP = NO;
				DEBUG_INFORMATION_FORMAT = dwarf;
				ENABLE_STRICT_OBJC_MSGSEND = YES;
				ENABLE_TESTABILITY = YES;
				GCC_C_LANGUAGE_STANDARD = gnu11;
				GCC_DYNAMIC_NO_PIC = NO;
				GCC_NO_COMMON_BLOCKS = YES;
				GCC_OPTIMIZATION_LEVEL = 0;
				GCC_PREPROCESSOR_DEFINITIONS = (
					"DEBUG=1",
					"$(inherited)",
				);
				GCC_WARN_64_TO_32_BIT_CONVERSION = YES;
				GCC_WARN_ABOUT_RETURN_TYPE = YES_ERROR;
				GCC_WARN_UNDECLARED_SELECTOR = YES;
				GCC_WARN_UNINITIALIZED_AUTOS = YES_AGGRESSIVE;
				GCC_WARN_UNUSED_FUNCTION = YES;
				GCC_WARN_UNUSED_VARIABLE = YES;
				IPHONEOS_DEPLOYMENT_TARGET = 11.1;
				MTL_ENABLE_DEBUG_INFO = YES;
				ONLY_ACTIVE_ARCH = YES;
				SDKROOT = iphoneos;
				SWIFT_ACTIVE_COMPILATION_CONDITIONS = DEBUG;
				SWIFT_OPTIMIZATION_LEVEL = "-Onone";
			};
			name = Debug;
		};
		2B0A86781FDCFC7200B7B7FB /* Release */ = {
			isa = XCBuildConfiguration;
			buildSettings = {
				ALWAYS_SEARCH_USER_PATHS = NO;
				CLANG_ANALYZER_NONNULL = YES;
				CLANG_ANALYZER_NUMBER_OBJECT_CONVERSION = YES_AGGRESSIVE;
				CLANG_CXX_LANGUAGE_STANDARD = "gnu++14";
				CLANG_CXX_LIBRARY = "libc++";
				CLANG_ENABLE_MODULES = YES;
				CLANG_ENABLE_OBJC_ARC = YES;
				CLANG_WARN_BLOCK_CAPTURE_AUTORELEASING = YES;
				CLANG_WARN_BOOL_CONVERSION = YES;
				CLANG_WARN_COMMA = YES;
				CLANG_WARN_CONSTANT_CONVERSION = YES;
				CLANG_WARN_DIRECT_OBJC_ISA_USAGE = YES_ERROR;
				CLANG_WARN_DOCUMENTATION_COMMENTS = YES;
				CLANG_WARN_EMPTY_BODY = YES;
				CLANG_WARN_ENUM_CONVERSION = YES;
				CLANG_WARN_INFINITE_RECURSION = YES;
				CLANG_WARN_INT_CONVERSION = YES;
				CLANG_WARN_NON_LITERAL_NULL_CONVERSION = YES;
				CLANG_WARN_OBJC_LITERAL_CONVERSION = YES;
				CLANG_WARN_OBJC_ROOT_CLASS = YES_ERROR;
				CLANG_WARN_RANGE_LOOP_ANALYSIS = YES;
				CLANG_WARN_STRICT_PROTOTYPES = YES;
				CLANG_WARN_SUSPICIOUS_MOVE = YES;
				CLANG_WARN_UNGUARDED_AVAILABILITY = YES_AGGRESSIVE;
				CLANG_WARN_UNREACHABLE_CODE = YES;
				CLANG_WARN__DUPLICATE_METHOD_MATCH = YES;
				CODE_SIGN_IDENTITY = "iPhone Developer";
				COPY_PHASE_STRIP = NO;
				DEBUG_INFORMATION_FORMAT = "dwarf-with-dsym";
				ENABLE_NS_ASSERTIONS = NO;
				ENABLE_STRICT_OBJC_MSGSEND = YES;
				GCC_C_LANGUAGE_STANDARD = gnu11;
				GCC_NO_COMMON_BLOCKS = YES;
				GCC_WARN_64_TO_32_BIT_CONVERSION = YES;
				GCC_WARN_ABOUT_RETURN_TYPE = YES_ERROR;
				GCC_WARN_UNDECLARED_SELECTOR = YES;
				GCC_WARN_UNINITIALIZED_AUTOS = YES_AGGRESSIVE;
				GCC_WARN_UNUSED_FUNCTION = YES;
				GCC_WARN_UNUSED_VARIABLE = YES;
				IPHONEOS_DEPLOYMENT_TARGET = 11.1;
				MTL_ENABLE_DEBUG_INFO = NO;
				SDKROOT = iphoneos;
				SWIFT_OPTIMIZATION_LEVEL = "-Owholemodule";
				VALIDATE_PRODUCT = YES;
			};
			name = Release;
		};
		2B0A867A1FDCFC7200B7B7FB /* Debug */ = {
			isa = XCBuildConfiguration;
			buildSettings = {
				ASSETCATALOG_COMPILER_APPICON_NAME = AppIcon;
				CLANG_ENABLE_MODULES = YES;
				CODE_SIGN_STYLE = Automatic;
				DEVELOPMENT_TEAM = Q95X27P377;
				INFOPLIST_FILE = "BLE-RGB/Info.plist";
				LD_RUNPATH_SEARCH_PATHS = "$(inherited) @executable_path/Frameworks";
				PRODUCT_BUNDLE_IDENTIFIER = "My-Code-Factory.BLE-RGB";
				PRODUCT_NAME = "$(TARGET_NAME)";
				SWIFT_OBJC_BRIDGING_HEADER = "BLE-RGB/BLE-RGB-Bridging-Header.h";
				SWIFT_OPTIMIZATION_LEVEL = "-Onone";
				SWIFT_VERSION = 4.0;
				TARGETED_DEVICE_FAMILY = "1,2";
			};
			name = Debug;
		};
		2B0A867B1FDCFC7200B7B7FB /* Release */ = {
			isa = XCBuildConfiguration;
			buildSettings = {
				ASSETCATALOG_COMPILER_APPICON_NAME = AppIcon;
				CLANG_ENABLE_MODULES = YES;
				CODE_SIGN_STYLE = Automatic;
				DEVELOPMENT_TEAM = Q95X27P377;
				INFOPLIST_FILE = "BLE-RGB/Info.plist";
				LD_RUNPATH_SEARCH_PATHS = "$(inherited) @executable_path/Frameworks";
				PRODUCT_BUNDLE_IDENTIFIER = "My-Code-Factory.BLE-RGB";
				PRODUCT_NAME = "$(TARGET_NAME)";
				SWIFT_OBJC_BRIDGING_HEADER = "BLE-RGB/BLE-RGB-Bridging-Header.h";
				SWIFT_VERSION = 4.0;
				TARGETED_DEVICE_FAMILY = "1,2";
			};
			name = Release;
		};
/* End XCBuildConfiguration section */

/* Begin XCConfigurationList section */
		2B0A86621FDCFC7100B7B7FB /* Build configuration list for PBXProject "BLE-RGB" */ = {
			isa = XCConfigurationList;
			buildConfigurations = (
				2B0A86771FDCFC7200B7B7FB /* Debug */,
				2B0A86781FDCFC7200B7B7FB /* Release */,
			);
			defaultConfigurationIsVisible = 0;
			defaultConfigurationName = Release;
		};
		2B0A86791FDCFC7200B7B7FB /* Build configuration list for PBXNativeTarget "BLE-RGB" */ = {
			isa = XCConfigurationList;
			buildConfigurations = (
				2B0A867A1FDCFC7200B7B7FB /* Debug */,
				2B0A867B1FDCFC7200B7B7FB /* Release */,
			);
			defaultConfigurationIsVisible = 0;
			defaultConfigurationName = Release;
		};
/* End XCConfigurationList section */
	};
	rootObject = 2B0A865F1FDCFC7100B7B7FB /* Project object */;
}
